
Microsoft Visual Studio Solution File, Format Version 12.00
# Visual Studio 15
VisualStudioVersion = 15.0.28010.2016
MinimumVisualStudioVersion = 10.0.40219.1
Project("{FAE04EC0-301F-11D3-BF4B-00C04F79EFBC}") = "findf", "findf\findf.csproj", "{421C98FA-6991-4457-9E00-B09A974851EC}"
EndProject
Global
	GlobalSection(SolutionConfigurationPlatforms) = preSolution
		Debug|Any CPU = Debug|Any CPU
		Release|Any CPU = Release|Any CPU
	EndGlobalSection
	GlobalSection(ProjectConfigurationPlatforms) = postSolution
		{421C98FA-6991-4457-9E00-B09A974851EC}.Debug|Any CPU.ActiveCfg = Debug|Any CPU
		{421C98FA-6991-4457-9E00-B09A974851EC}.Debug|Any CPU.Build.0 = Debug|Any CPU
		{421C98FA-6991-4457-9E00-B09A974851EC}.Release|Any CPU.ActiveCfg = Release|Any CPU
		{421C98FA-6991-4457-9E00-B09A974851EC}.Release|Any CPU.Build.0 = Release|Any CPU
	EndGlobalSection
	GlobalSection(SolutionProperties) = preSolution
		HideSolutionNode = FALSE
	EndGlobalSection
	GlobalSection(ExtensibilityGlobals) = postSolution
		SolutionGuid = {D565F461-2C02-49D2-AF16-B0673E57C224}
	EndGlobalSection
EndGlobal
